// !$*UTF8*$!
{
	archiveVersion = 1;
	classes = {
	};
	objectVersion = 48;
	objects = {

/* Begin PBXBuildFile section */
		9F0120C81FB2A89A00346BB1 /* AppDelegate.swift in Sources */ = {isa = PBXBuildFile; fileRef = 9F0120C71FB2A89A00346BB1 /* AppDelegate.swift */; };
		9F0120CD1FB2A89A00346BB1 /* Main.storyboard in Resources */ = {isa = PBXBuildFile; fileRef = 9F0120CB1FB2A89A00346BB1 /* Main.storyboard */; };
		9F0120CF1FB2A89A00346BB1 /* Assets.xcassets in Resources */ = {isa = PBXBuildFile; fileRef = 9F0120CE1FB2A89A00346BB1 /* Assets.xcassets */; };
		9F0120D21FB2A89A00346BB1 /* LaunchScreen.storyboard in Resources */ = {isa = PBXBuildFile; fileRef = 9F0120D01FB2A89A00346BB1 /* LaunchScreen.storyboard */; };
		9F0120DB1FB2AB7F00346BB1 /* Extensions.swift in Sources */ = {isa = PBXBuildFile; fileRef = 9F0120DA1FB2AB7F00346BB1 /* Extensions.swift */; };
		9F0120E01FB2AFDA00346BB1 /* CardController.swift in Sources */ = {isa = PBXBuildFile; fileRef = 9F0120DF1FB2AFDA00346BB1 /* CardController.swift */; };
		9F0120E21FB2B30500346BB1 /* CardCell.swift in Sources */ = {isa = PBXBuildFile; fileRef = 9F0120E11FB2B30500346BB1 /* CardCell.swift */; };
		9F0120E41FB2B38500346BB1 /* Card.swift in Sources */ = {isa = PBXBuildFile; fileRef = 9F0120E31FB2B38500346BB1 /* Card.swift */; };
/* End PBXBuildFile section */

/* Begin PBXFileReference section */
		9F0120C41FB2A89A00346BB1 /* Save365.app */ = {isa = PBXFileReference; explicitFileType = wrapper.application; includeInIndex = 0; path = Save365.app; sourceTree = BUILT_PRODUCTS_DIR; };
		9F0120C71FB2A89A00346BB1 /* AppDelegate.swift */ = {isa = PBXFileReference; lastKnownFileType = sourcecode.swift; path = AppDelegate.swift; sourceTree = "<group>"; };
		9F0120CC1FB2A89A00346BB1 /* Base */ = {isa = PBXFileReference; lastKnownFileType = file.storyboard; name = Base; path = Base.lproj/Main.storyboard; sourceTree = "<group>"; };
		9F0120CE1FB2A89A00346BB1 /* Assets.xcassets */ = {isa = PBXFileReference; lastKnownFileType = folder.assetcatalog; path = Assets.xcassets; sourceTree = "<group>"; };
		9F0120D11FB2A89A00346BB1 /* Base */ = {isa = PBXFileReference; lastKnownFileType = file.storyboard; name = Base; path = Base.lproj/LaunchScreen.storyboard; sourceTree = "<group>"; };
		9F0120D31FB2A89A00346BB1 /* Info.plist */ = {isa = PBXFileReference; lastKnownFileType = text.plist.xml; path = Info.plist; sourceTree = "<group>"; };
		9F0120DA1FB2AB7F00346BB1 /* Extensions.swift */ = {isa = PBXFileReference; lastKnownFileType = sourcecode.swift; path = Extensions.swift; sourceTree = "<group>"; };
		9F0120DF1FB2AFDA00346BB1 /* CardController.swift */ = {isa = PBXFileReference; lastKnownFileType = sourcecode.swift; path = CardController.swift; sourceTree = "<group>"; };
		9F0120E11FB2B30500346BB1 /* CardCell.swift */ = {isa = PBXFileReference; lastKnownFileType = sourcecode.swift; path = CardCell.swift; sourceTree = "<group>"; };
		9F0120E31FB2B38500346BB1 /* Card.swift */ = {isa = PBXFileReference; lastKnownFileType = sourcecode.swift; path = Card.swift; sourceTree = "<group>"; };
/* End PBXFileReference section */

/* Begin PBXFrameworksBuildPhase section */
		9F0120C11FB2A89A00346BB1 /* Frameworks */ = {
			isa = PBXFrameworksBuildPhase;
			buildActionMask = 2147483647;
			files = (
			);
			runOnlyForDeploymentPostprocessing = 0;
		};
/* End PBXFrameworksBuildPhase section */

/* Begin PBXGroup section */
		9F0120BB1FB2A89A00346BB1 = {
			isa = PBXGroup;
			children = (
				9F0120C61FB2A89A00346BB1 /* Save365 */,
				9F0120C51FB2A89A00346BB1 /* Products */,
			);
			sourceTree = "<group>";
		};
		9F0120C51FB2A89A00346BB1 /* Products */ = {
			isa = PBXGroup;
			children = (
				9F0120C41FB2A89A00346BB1 /* Save365.app */,
			);
			name = Products;
			sourceTree = "<group>";
		};
		9F0120C61FB2A89A00346BB1 /* Save365 */ = {
			isa = PBXGroup;
			children = (
				9F0120DE1FB2AFA300346BB1 /* Model */,
				9F0120DD1FB2AFA000346BB1 /* View */,
				9F0120DC1FB2AF9A00346BB1 /* Controller */,
				9F0120D91FB2AB6400346BB1 /* Helpers */,
				9F0120C71FB2A89A00346BB1 /* AppDelegate.swift */,
				9F0120CB1FB2A89A00346BB1 /* Main.storyboard */,
				9F0120CE1FB2A89A00346BB1 /* Assets.xcassets */,
				9F0120D01FB2A89A00346BB1 /* LaunchScreen.storyboard */,
				9F0120D31FB2A89A00346BB1 /* Info.plist */,
			);
			path = Save365;
			sourceTree = "<group>";
		};
		9F0120D91FB2AB6400346BB1 /* Helpers */ = {
			isa = PBXGroup;
			children = (
				9F0120DA1FB2AB7F00346BB1 /* Extensions.swift */,
			);
			path = Helpers;
			sourceTree = "<group>";
		};
		9F0120DC1FB2AF9A00346BB1 /* Controller */ = {
			isa = PBXGroup;
			children = (
				9F0120DF1FB2AFDA00346BB1 /* CardController.swift */,
			);
			path = Controller;
			sourceTree = "<group>";
		};
		9F0120DD1FB2AFA000346BB1 /* View */ = {
			isa = PBXGroup;
			children = (
				9F0120E11FB2B30500346BB1 /* CardCell.swift */,
			);
			path = View;
			sourceTree = "<group>";
		};
		9F0120DE1FB2AFA300346BB1 /* Model */ = {
			isa = PBXGroup;
			children = (
				9F0120E31FB2B38500346BB1 /* Card.swift */,
			);
			path = Model;
			sourceTree = "<group>";
		};
/* End PBXGroup section */

/* Begin PBXNativeTarget section */
		9F0120C31FB2A89A00346BB1 /* Save365 */ = {
			isa = PBXNativeTarget;
			buildConfigurationList = 9F0120D61FB2A89A00346BB1 /* Build configuration list for PBXNativeTarget "Save365" */;
			buildPhases = (
				9F0120C01FB2A89A00346BB1 /* Sources */,
				9F0120C11FB2A89A00346BB1 /* Frameworks */,
				9F0120C21FB2A89A00346BB1 /* Resources */,
			);
			buildRules = (
			);
			dependencies = (
			);
			name = Save365;
			productName = Save365;
			productReference = 9F0120C41FB2A89A00346BB1 /* Save365.app */;
			productType = "com.apple.product-type.application";
		};
/* End PBXNativeTarget section */

/* Begin PBXProject section */
		9F0120BC1FB2A89A00346BB1 /* Project object */ = {
			isa = PBXProject;
			attributes = {
				LastSwiftUpdateCheck = 0910;
				LastUpgradeCheck = 0910;
				ORGANIZATIONNAME = "Jonathan Yantz";
				TargetAttributes = {
					9F0120C31FB2A89A00346BB1 = {
						CreatedOnToolsVersion = 9.1;
						ProvisioningStyle = Automatic;
					};
				};
			};
			buildConfigurationList = 9F0120BF1FB2A89A00346BB1 /* Build configuration list for PBXProject "Save365" */;
			compatibilityVersion = "Xcode 8.0";
			developmentRegion = en;
			hasScannedForEncodings = 0;
			knownRegions = (
				en,
				Base,
			);
			mainGroup = 9F0120BB1FB2A89A00346BB1;
			productRefGroup = 9F0120C51FB2A89A00346BB1 /* Products */;
			projectDirPath = "";
			projectRoot = "";
			targets = (
				9F0120C31FB2A89A00346BB1 /* Save365 */,
			);
		};
/* End PBXProject section */

/* Begin PBXResourcesBuildPhase section */
		9F0120C21FB2A89A00346BB1 /* Resources */ = {
			isa = PBXResourcesBuildPhase;
			buildActionMask = 2147483647;
			files = (
				9F0120D21FB2A89A00346BB1 /* LaunchScreen.storyboard in Resources */,
				9F0120CF1FB2A89A00346BB1 /* Assets.xcassets in Resources */,
				9F0120CD1FB2A89A00346BB1 /* Main.storyboard in Resources */,
			);
			runOnlyForDeploymentPostprocessing = 0;
		};
/* End PBXResourcesBuildPhase section */

/* Begin PBXSourcesBuildPhase section */
		9F0120C01FB2A89A00346BB1 /* Sources */ = {
			isa = PBXSourcesBuildPhase;
			buildActionMask = 2147483647;
			files = (
				9F0120DB1FB2AB7F00346BB1 /* Extensions.swift in Sources */,
				9F0120E01FB2AFDA00346BB1 /* CardController.swift in Sources */,
				9F0120E41FB2B38500346BB1 /* Card.swift in Sources */,
				9F0120C81FB2A89A00346BB1 /* AppDelegate.swift in Sources */,
				9F0120E21FB2B30500346BB1 /* CardCell.swift in Sources */,
			);
			runOnlyForDeploymentPostprocessing = 0;
		};
/* End PBXSourcesBuildPhase section */

/* Begin PBXVariantGroup section */
		9F0120CB1FB2A89A00346BB1 /* Main.storyboard */ = {
			isa = PBXVariantGroup;
			children = (
				9F0120CC1FB2A89A00346BB1 /* Base */,
			);
			name = Main.storyboard;
			sourceTree = "<group>";
		};
		9F0120D01FB2A89A00346BB1 /* LaunchScreen.storyboard */ = {
			isa = PBXVariantGroup;
			children = (
				9F0120D11FB2A89A00346BB1 /* Base */,
			);
			name = LaunchScreen.storyboard;
			sourceTree = "<group>";
		};
/* End PBXVariantGroup section */

/* Begin XCBuildConfiguration section */
		9F0120D41FB2A89A00346BB1 /* Debug */ = {
			isa = XCBuildConfiguration;
			buildSettings = {
				ALWAYS_SEARCH_USER_PATHS = NO;
				CLANG_ANALYZER_NONNULL = YES;
				CLANG_ANALYZER_NUMBER_OBJECT_CONVERSION = YES_AGGRESSIVE;
				CLANG_CXX_LANGUAGE_STANDARD = "gnu++14";
				CLANG_CXX_LIBRARY = "libc++";
				CLANG_ENABLE_MODULES = YES;
				CLANG_ENABLE_OBJC_ARC = YES;
				CLANG_WARN_BLOCK_CAPTURE_AUTORELEASING = YES;
				CLANG_WARN_BOOL_CONVERSION = YES;
				CLANG_WARN_COMMA = YES;
				CLANG_WARN_CONSTANT_CONVERSION = YES;
				CLANG_WARN_DIRECT_OBJC_ISA_USAGE = YES_ERROR;
				CLANG_WARN_DOCUMENTATION_COMMENTS = YES;
				CLANG_WARN_EMPTY_BODY = YES;
				CLANG_WARN_ENUM_CONVERSION = YES;
				CLANG_WARN_INFINITE_RECURSION = YES;
				CLANG_WARN_INT_CONVERSION = YES;
				CLANG_WARN_NON_LITERAL_NULL_CONVERSION = YES;
				CLANG_WARN_OBJC_LITERAL_CONVERSION = YES;
				CLANG_WARN_OBJC_ROOT_CLASS = YES_ERROR;
				CLANG_WARN_RANGE_LOOP_ANALYSIS = YES;
				CLANG_WARN_STRICT_PROTOTYPES = YES;
				CLANG_WARN_SUSPICIOUS_MOVE = YES;
				CLANG_WARN_UNGUARDED_AVAILABILITY = YES_AGGRESSIVE;
				CLANG_WARN_UNREACHABLE_CODE = YES;
				CLANG_WARN__DUPLICATE_METHOD_MATCH = YES;
				CODE_SIGN_IDENTITY = "iPhone Developer";
				COPY_PHASE_STRIP = NO;
				DEBUG_INFORMATION_FORMAT = dwarf;
				ENABLE_STRICT_OBJC_MSGSEND = YES;
				ENABLE_TESTABILITY = YES;
				GCC_C_LANGUAGE_STANDARD = gnu11;
				GCC_DYNAMIC_NO_PIC = NO;
				GCC_NO_COMMON_BLOCKS = YES;
				GCC_OPTIMIZATION_LEVEL = 0;
				GCC_PREPROCESSOR_DEFINITIONS = (
					"DEBUG=1",
					"$(inherited)",
				);
				GCC_WARN_64_TO_32_BIT_CONVERSION = YES;
				GCC_WARN_ABOUT_RETURN_TYPE = YES_ERROR;
				GCC_WARN_UNDECLARED_SELECTOR = YES;
				GCC_WARN_UNINITIALIZED_AUTOS = YES_AGGRESSIVE;
				GCC_WARN_UNUSED_FUNCTION = YES;
				GCC_WARN_UNUSED_VARIABLE = YES;
				IPHONEOS_DEPLOYMENT_TARGET = 11.1;
				MTL_ENABLE_DEBUG_INFO = YES;
				ONLY_ACTIVE_ARCH = YES;
				SDKROOT = iphoneos;
				SWIFT_ACTIVE_COMPILATION_CONDITIONS = DEBUG;
				SWIFT_OPTIMIZATION_LEVEL = "-Onone";
			};
			name = Debug;
		};
		9F0120D51FB2A89A00346BB1 /* Release */ = {
			isa = XCBuildConfiguration;
			buildSettings = {
				ALWAYS_SEARCH_USER_PATHS = NO;
				CLANG_ANALYZER_NONNULL = YES;
				CLANG_ANALYZER_NUMBER_OBJECT_CONVERSION = YES_AGGRESSIVE;
				CLANG_CXX_LANGUAGE_STANDARD = "gnu++14";
				CLANG_CXX_LIBRARY = "libc++";
				CLANG_ENABLE_MODULES = YES;
				CLANG_ENABLE_OBJC_ARC = YES;
				CLANG_WARN_BLOCK_CAPTURE_AUTORELEASING = YES;
				CLANG_WARN_BOOL_CONVERSION = YES;
				CLANG_WARN_COMMA = YES;
				CLANG_WARN_CONSTANT_CONVERSION = YES;
				CLANG_WARN_DIRECT_OBJC_ISA_USAGE = YES_ERROR;
				CLANG_WARN_DOCUMENTATION_COMMENTS = YES;
				CLANG_WARN_EMPTY_BODY = YES;
				CLANG_WARN_ENUM_CONVERSION = YES;
				CLANG_WARN_INFINITE_RECURSION = YES;
				CLANG_WARN_INT_CONVERSION = YES;
				CLANG_WARN_NON_LITERAL_NULL_CONVERSION = YES;
				CLANG_WARN_OBJC_LITERAL_CONVERSION = YES;
				CLANG_WARN_OBJC_ROOT_CLASS = YES_ERROR;
				CLANG_WARN_RANGE_LOOP_ANALYSIS = YES;
				CLANG_WARN_STRICT_PROTOTYPES = YES;
				CLANG_WARN_SUSPICIOUS_MOVE = YES;
				CLANG_WARN_UNGUARDED_AVAILABILITY = YES_AGGRESSIVE;
				CLANG_WARN_UNREACHABLE_CODE = YES;
				CLANG_WARN__DUPLICATE_METHOD_MATCH = YES;
				CODE_SIGN_IDENTITY = "iPhone Developer";
				COPY_PHASE_STRIP = NO;
				DEBUG_INFORMATION_FORMAT = "dwarf-with-dsym";
				ENABLE_NS_ASSERTIONS = NO;
				ENABLE_STRICT_OBJC_MSGSEND = YES;
				GCC_C_LANGUAGE_STANDARD = gnu11;
				GCC_NO_COMMON_BLOCKS = YES;
				GCC_WARN_64_TO_32_BIT_CONVERSION = YES;
				GCC_WARN_ABOUT_RETURN_TYPE = YES_ERROR;
				GCC_WARN_UNDECLARED_SELECTOR = YES;
				GCC_WARN_UNINITIALIZED_AUTOS = YES_AGGRESSIVE;
				GCC_WARN_UNUSED_FUNCTION = YES;
				GCC_WARN_UNUSED_VARIABLE = YES;
				IPHONEOS_DEPLOYMENT_TARGET = 11.1;
				MTL_ENABLE_DEBUG_INFO = NO;
				SDKROOT = iphoneos;
				SWIFT_OPTIMIZATION_LEVEL = "-Owholemodule";
				VALIDATE_PRODUCT = YES;
			};
			name = Release;
		};
		9F0120D71FB2A89A00346BB1 /* Debug */ = {
			isa = XCBuildConfiguration;
			buildSettings = {
				ASSETCATALOG_COMPILER_APPICON_NAME = AppIcon;
				CODE_SIGN_STYLE = Automatic;
				DEVELOPMENT_TEAM = 2XT7678WMB;
				INFOPLIST_FILE = Save365/Info.plist;
				LD_RUNPATH_SEARCH_PATHS = "$(inherited) @executable_path/Frameworks";
				PRODUCT_BUNDLE_IDENTIFIER = com.jryantz.Save365;
				PRODUCT_NAME = "$(TARGET_NAME)";
				SWIFT_VERSION = 4.0;
				TARGETED_DEVICE_FAMILY = "1,2";
			};
			name = Debug;
		};
		9F0120D81FB2A89A00346BB1 /* Release */ = {
			isa = XCBuildConfiguration;
			buildSettings = {
				ASSETCATALOG_COMPILER_APPICON_NAME = AppIcon;
				CODE_SIGN_STYLE = Automatic;
				DEVELOPMENT_TEAM = 2XT7678WMB;
				INFOPLIST_FILE = Save365/Info.plist;
				LD_RUNPATH_SEARCH_PATHS = "$(inherited) @executable_path/Frameworks";
				PRODUCT_BUNDLE_IDENTIFIER = com.jryantz.Save365;
				PRODUCT_NAME = "$(TARGET_NAME)";
				SWIFT_VERSION = 4.0;
				TARGETED_DEVICE_FAMILY = "1,2";
			};
			name = Release;
		};
/* End XCBuildConfiguration section */

/* Begin XCConfigurationList section */
		9F0120BF1FB2A89A00346BB1 /* Build configuration list for PBXProject "Save365" */ = {
			isa = XCConfigurationList;
			buildConfigurations = (
				9F0120D41FB2A89A00346BB1 /* Debug */,
				9F0120D51FB2A89A00346BB1 /* Release */,
			);
			defaultConfigurationIsVisible = 0;
			defaultConfigurationName = Release;
		};
		9F0120D61FB2A89A00346BB1 /* Build configuration list for PBXNativeTarget "Save365" */ = {
			isa = XCConfigurationList;
			buildConfigurations = (
				9F0120D71FB2A89A00346BB1 /* Debug */,
				9F0120D81FB2A89A00346BB1 /* Release */,
			);
			defaultConfigurationIsVisible = 0;
			defaultConfigurationName = Release;
		};
/* End XCConfigurationList section */
	};
	rootObject = 9F0120BC1FB2A89A00346BB1 /* Project object */;
}
